
Microsoft Visual Studio Solution File, Format Version 12.00
# Visual Studio Version 17
VisualStudioVersion = 17.8.34330.188
MinimumVisualStudioVersion = 10.0.40219.1
Project("{FAE04EC0-301F-11D3-BF4B-00C04F79EFBC}") = "WebAppMetalurgica", "WebAppMetalurgica.csproj", "{0616C94B-7F4A-4BD8-8626-4987EA0175BC}"
EndProject
Global
	GlobalSection(SolutionConfigurationPlatforms) = preSolution
		Debug|Any CPU = Debug|Any CPU
		Release|Any CPU = Release|Any CPU
	EndGlobalSection
	GlobalSection(ProjectConfigurationPlatforms) = postSolution
		{0616C94B-7F4A-4BD8-8626-4987EA0175BC}.Debug|Any CPU.ActiveCfg = Debug|Any CPU
		{0616C94B-7F4A-4BD8-8626-4987EA0175BC}.Debug|Any CPU.Build.0 = Debug|Any CPU
		{0616C94B-7F4A-4BD8-8626-4987EA0175BC}.Release|Any CPU.ActiveCfg = Release|Any CPU
		{0616C94B-7F4A-4BD8-8626-4987EA0175BC}.Release|Any CPU.Build.0 = Release|Any CPU
	EndGlobalSection
	GlobalSection(SolutionProperties) = preSolution
		HideSolutionNode = FALSE
	EndGlobalSection
	GlobalSection(ExtensibilityGlobals) = postSolution
		SolutionGuid = {C94A8CEA-F101-4957-AB2D-AEB7561AA013}
	EndGlobalSection
EndGlobal
